
Microsoft Visual Studio Solution File, Format Version 12.00
# Visual Studio Version 16
VisualStudioVersion = 16.0.31205.134
MinimumVisualStudioVersion = 10.0.40219.1
Project("{FAE04EC0-301F-11D3-BF4B-00C04F79EFBC}") = "Spring_2021", "Spring_2021.csproj", "{19275246-5772-4104-82BB-CE2D0F000602}"
EndProject
Global
	GlobalSection(SolutionConfigurationPlatforms) = preSolution
		Debug|Any CPU = Debug|Any CPU
		Release|Any CPU = Release|Any CPU
	EndGlobalSection
	GlobalSection(ProjectConfigurationPlatforms) = postSolution
		{19275246-5772-4104-82BB-CE2D0F000602}.Debug|Any CPU.ActiveCfg = Debug|Any CPU
		{19275246-5772-4104-82BB-CE2D0F000602}.Debug|Any CPU.Build.0 = Debug|Any CPU
		{19275246-5772-4104-82BB-CE2D0F000602}.Release|Any CPU.ActiveCfg = Release|Any CPU
		{19275246-5772-4104-82BB-CE2D0F000602}.Release|Any CPU.Build.0 = Release|Any CPU
	EndGlobalSection
	GlobalSection(SolutionProperties) = preSolution
		HideSolutionNode = FALSE
	EndGlobalSection
	GlobalSection(ExtensibilityGlobals) = postSolution
		SolutionGuid = {0B55F37B-87E4-4287-B5AA-7FBD6E8133FC}
	EndGlobalSection
EndGlobal
